
Microsoft Visual Studio Solution File, Format Version 12.00
# Visual Studio 15
VisualStudioVersion = 15.0.27004.2008
MinimumVisualStudioVersion = 10.0.40219.1
Project("{FAE04EC0-301F-11D3-BF4B-00C04F79EFBC}") = "CustomIconNavigationPage", "CustomIconNavigationPage\CustomIconNavigationPage\CustomIconNavigationPage.csproj", "{6F3DC450-0CB1-4777-936C-578FF387578F}"
EndProject
Project("{FAE04EC0-301F-11D3-BF4B-00C04F79EFBC}") = "CustomIconNavigationPage.Android", "CustomIconNavigationPage\CustomIconNavigationPage.Android\CustomIconNavigationPage.Android.csproj", "{8D83600A-0F90-48D5-94D0-96F0F39D2C3E}"
EndProject
Project("{FAE04EC0-301F-11D3-BF4B-00C04F79EFBC}") = "CustomIconNavigationPage.iOS", "CustomIconNavigationPage\CustomIconNavigationPage.iOS\CustomIconNavigationPage.iOS.csproj", "{C0F1F8DC-7D03-4CD4-BFE7-BC1DA7E7CBAB}"
EndProject
Project("{FAE04EC0-301F-11D3-BF4B-00C04F79EFBC}") = "CustomIconNavigationPage.UWP", "CustomIconNavigationPage\CustomIconNavigationPage.UWP\CustomIconNavigationPage.UWP.csproj", "{6B3C55B6-CC77-4701-B4A7-B9DB49FF42C3}"
EndProject
Global
	GlobalSection(SolutionConfigurationPlatforms) = preSolution
		Debug|Any CPU = Debug|Any CPU
		Debug|ARM = Debug|ARM
		Debug|iPhone = Debug|iPhone
		Debug|iPhoneSimulator = Debug|iPhoneSimulator
		Debug|x64 = Debug|x64
		Debug|x86 = Debug|x86
		Release|Any CPU = Release|Any CPU
		Release|ARM = Release|ARM
		Release|iPhone = Release|iPhone
		Release|iPhoneSimulator = Release|iPhoneSimulator
		Release|x64 = Release|x64
		Release|x86 = Release|x86
	EndGlobalSection
	GlobalSection(ProjectConfigurationPlatforms) = postSolution
		{6F3DC450-0CB1-4777-936C-578FF387578F}.Debug|Any CPU.ActiveCfg = Debug|Any CPU
		{6F3DC450-0CB1-4777-936C-578FF387578F}.Debug|Any CPU.Build.0 = Debug|Any CPU
		{6F3DC450-0CB1-4777-936C-578FF387578F}.Debug|ARM.ActiveCfg = Debug|Any CPU
		{6F3DC450-0CB1-4777-936C-578FF387578F}.Debug|ARM.Build.0 = Debug|Any CPU
		{6F3DC450-0CB1-4777-936C-578FF387578F}.Debug|iPhone.ActiveCfg = Debug|Any CPU
		{6F3DC450-0CB1-4777-936C-578FF387578F}.Debug|iPhone.Build.0 = Debug|Any CPU
		{6F3DC450-0CB1-4777-936C-578FF387578F}.Debug|iPhoneSimulator.ActiveCfg = Debug|Any CPU
		{6F3DC450-0CB1-4777-936C-578FF387578F}.Debug|iPhoneSimulator.Build.0 = Debug|Any CPU
		{6F3DC450-0CB1-4777-936C-578FF387578F}.Debug|x64.ActiveCfg = Debug|Any CPU
		{6F3DC450-0CB1-4777-936C-578FF387578F}.Debug|x64.Build.0 = Debug|Any CPU
		{6F3DC450-0CB1-4777-936C-578FF387578F}.Debug|x86.ActiveCfg = Debug|Any CPU
		{6F3DC450-0CB1-4777-936C-578FF387578F}.Debug|x86.Build.0 = Debug|Any CPU
		{6F3DC450-0CB1-4777-936C-578FF387578F}.Release|Any CPU.ActiveCfg = Release|Any CPU
		{6F3DC450-0CB1-4777-936C-578FF387578F}.Release|Any CPU.Build.0 = Release|Any CPU
		{6F3DC450-0CB1-4777-936C-578FF387578F}.Release|ARM.ActiveCfg = Release|Any CPU
		{6F3DC450-0CB1-4777-936C-578FF387578F}.Release|ARM.Build.0 = Release|Any CPU
		{6F3DC450-0CB1-4777-936C-578FF387578F}.Release|iPhone.ActiveCfg = Release|Any CPU
		{6F3DC450-0CB1-4777-936C-578FF387578F}.Release|iPhone.Build.0 = Release|Any CPU
		{6F3DC450-0CB1-4777-936C-578FF387578F}.Release|iPhoneSimulator.ActiveCfg = Release|Any CPU
		{6F3DC450-0CB1-4777-936C-578FF387578F}.Release|iPhoneSimulator.Build.0 = Release|Any CPU
		{6F3DC450-0CB1-4777-936C-578FF387578F}.Release|x64.ActiveCfg = Release|Any CPU
		{6F3DC450-0CB1-4777-936C-578FF387578F}.Release|x64.Build.0 = Release|Any CPU
		{6F3DC450-0CB1-4777-936C-578FF387578F}.Release|x86.ActiveCfg = Release|Any CPU
		{6F3DC450-0CB1-4777-936C-578FF387578F}.Release|x86.Build.0 = Release|Any CPU
		{8D83600A-0F90-48D5-94D0-96F0F39D2C3E}.Debug|Any CPU.ActiveCfg = Debug|Any CPU
		{8D83600A-0F90-48D5-94D0-96F0F39D2C3E}.Debug|Any CPU.Build.0 = Debug|Any CPU
		{8D83600A-0F90-48D5-94D0-96F0F39D2C3E}.Debug|Any CPU.Deploy.0 = Debug|Any CPU
		{8D83600A-0F90-48D5-94D0-96F0F39D2C3E}.Debug|ARM.ActiveCfg = Debug|Any CPU
		{8D83600A-0F90-48D5-94D0-96F0F39D2C3E}.Debug|ARM.Build.0 = Debug|Any CPU
		{8D83600A-0F90-48D5-94D0-96F0F39D2C3E}.Debug|ARM.Deploy.0 = Debug|Any CPU
		{8D83600A-0F90-48D5-94D0-96F0F39D2C3E}.Debug|iPhone.ActiveCfg = Debug|Any CPU
		{8D83600A-0F90-48D5-94D0-96F0F39D2C3E}.Debug|iPhone.Build.0 = Debug|Any CPU
		{8D83600A-0F90-48D5-94D0-96F0F39D2C3E}.Debug|iPhone.Deploy.0 = Debug|Any CPU
		{8D83600A-0F90-48D5-94D0-96F0F39D2C3E}.Debug|iPhoneSimulator.ActiveCfg = Debug|Any CPU
		{8D83600A-0F90-48D5-94D0-96F0F39D2C3E}.Debug|iPhoneSimulator.Build.0 = Debug|Any CPU
		{8D83600A-0F90-48D5-94D0-96F0F39D2C3E}.Debug|iPhoneSimulator.Deploy.0 = Debug|Any CPU
		{8D83600A-0F90-48D5-94D0-96F0F39D2C3E}.Debug|x64.ActiveCfg = Debug|Any CPU
		{8D83600A-0F90-48D5-94D0-96F0F39D2C3E}.Debug|x64.Build.0 = Debug|Any CPU
		{8D83600A-0F90-48D5-94D0-96F0F39D2C3E}.Debug|x64.Deploy.0 = Debug|Any CPU
		{8D83600A-0F90-48D5-94D0-96F0F39D2C3E}.Debug|x86.ActiveCfg = Debug|Any CPU
		{8D83600A-0F90-48D5-94D0-96F0F39D2C3E}.Debug|x86.Build.0 = Debug|Any CPU
		{8D83600A-0F90-48D5-94D0-96F0F39D2C3E}.Debug|x86.Deploy.0 = Debug|Any CPU
		{8D83600A-0F90-48D5-94D0-96F0F39D2C3E}.Release|Any CPU.ActiveCfg = Release|Any CPU
		{8D83600A-0F90-48D5-94D0-96F0F39D2C3E}.Release|Any CPU.Build.0 = Release|Any CPU
		{8D83600A-0F90-48D5-94D0-96F0F39D2C3E}.Release|Any CPU.Deploy.0 = Release|Any CPU
		{8D83600A-0F90-48D5-94D0-96F0F39D2C3E}.Release|ARM.ActiveCfg = Release|Any CPU
		{8D83600A-0F90-48D5-94D0-96F0F39D2C3E}.Release|ARM.Build.0 = Release|Any CPU
		{8D83600A-0F90-48D5-94D0-96F0F39D2C3E}.Release|ARM.Deploy.0 = Release|Any CPU
		{8D83600A-0F90-48D5-94D0-96F0F39D2C3E}.Release|iPhone.ActiveCfg = Release|Any CPU
		{8D83600A-0F90-48D5-94D0-96F0F39D2C3E}.Release|iPhone.Build.0 = Release|Any CPU
		{8D83600A-0F90-48D5-94D0-96F0F39D2C3E}.Release|iPhone.Deploy.0 = Release|Any CPU
		{8D83600A-0F90-48D5-94D0-96F0F39D2C3E}.Release|iPhoneSimulator.ActiveCfg = Release|Any CPU
		{8D83600A-0F90-48D5-94D0-96F0F39D2C3E}.Release|iPhoneSimulator.Build.0 = Release|Any CPU
		{8D83600A-0F90-48D5-94D0-96F0F39D2C3E}.Release|iPhoneSimulator.Deploy.0 = Release|Any CPU
		{8D83600A-0F90-48D5-94D0-96F0F39D2C3E}.Release|x64.ActiveCfg = Release|Any CPU
		{8D83600A-0F90-48D5-94D0-96F0F39D2C3E}.Release|x64.Build.0 = Release|Any CPU
		{8D83600A-0F90-48D5-94D0-96F0F39D2C3E}.Release|x64.Deploy.0 = Release|Any CPU
		{8D83600A-0F90-48D5-94D0-96F0F39D2C3E}.Release|x86.ActiveCfg = Release|Any CPU
		{8D83600A-0F90-48D5-94D0-96F0F39D2C3E}.Release|x86.Build.0 = Release|Any CPU
		{8D83600A-0F90-48D5-94D0-96F0F39D2C3E}.Release|x86.Deploy.0 = Release|Any CPU
		{C0F1F8DC-7D03-4CD4-BFE7-BC1DA7E7CBAB}.Debug|Any CPU.ActiveCfg = Debug|iPhoneSimulator
		{C0F1F8DC-7D03-4CD4-BFE7-BC1DA7E7CBAB}.Debug|ARM.ActiveCfg = Debug|iPhone
		{C0F1F8DC-7D03-4CD4-BFE7-BC1DA7E7CBAB}.Debug|iPhone.ActiveCfg = Debug|iPhone
		{C0F1F8DC-7D03-4CD4-BFE7-BC1DA7E7CBAB}.Debug|iPhone.Build.0 = Debug|iPhone
		{C0F1F8DC-7D03-4CD4-BFE7-BC1DA7E7CBAB}.Debug|iPhoneSimulator.ActiveCfg = Debug|iPhoneSimulator
		{C0F1F8DC-7D03-4CD4-BFE7-BC1DA7E7CBAB}.Debug|iPhoneSimulator.Build.0 = Debug|iPhoneSimulator
		{C0F1F8DC-7D03-4CD4-BFE7-BC1DA7E7CBAB}.Debug|x64.ActiveCfg = Debug|iPhone
		{C0F1F8DC-7D03-4CD4-BFE7-BC1DA7E7CBAB}.Debug|x86.ActiveCfg = Debug|iPhone
		{C0F1F8DC-7D03-4CD4-BFE7-BC1DA7E7CBAB}.Release|Any CPU.ActiveCfg = Release|iPhoneSimulator
		{C0F1F8DC-7D03-4CD4-BFE7-BC1DA7E7CBAB}.Release|ARM.ActiveCfg = Release|iPhone
		{C0F1F8DC-7D03-4CD4-BFE7-BC1DA7E7CBAB}.Release|iPhone.ActiveCfg = Release|iPhone
		{C0F1F8DC-7D03-4CD4-BFE7-BC1DA7E7CBAB}.Release|iPhone.Build.0 = Release|iPhone
		{C0F1F8DC-7D03-4CD4-BFE7-BC1DA7E7CBAB}.Release|iPhoneSimulator.ActiveCfg = Release|iPhoneSimulator
		{C0F1F8DC-7D03-4CD4-BFE7-BC1DA7E7CBAB}.Release|iPhoneSimulator.Build.0 = Release|iPhoneSimulator
		{C0F1F8DC-7D03-4CD4-BFE7-BC1DA7E7CBAB}.Release|x64.ActiveCfg = Release|iPhone
		{C0F1F8DC-7D03-4CD4-BFE7-BC1DA7E7CBAB}.Release|x86.ActiveCfg = Release|iPhone
		{6B3C55B6-CC77-4701-B4A7-B9DB49FF42C3}.Debug|Any CPU.ActiveCfg = Debug|x86
		{6B3C55B6-CC77-4701-B4A7-B9DB49FF42C3}.Debug|ARM.ActiveCfg = Debug|ARM
		{6B3C55B6-CC77-4701-B4A7-B9DB49FF42C3}.Debug|ARM.Build.0 = Debug|ARM
		{6B3C55B6-CC77-4701-B4A7-B9DB49FF42C3}.Debug|ARM.Deploy.0 = Debug|ARM
		{6B3C55B6-CC77-4701-B4A7-B9DB49FF42C3}.Debug|iPhone.ActiveCfg = Debug|x86
		{6B3C55B6-CC77-4701-B4A7-B9DB49FF42C3}.Debug|iPhoneSimulator.ActiveCfg = Debug|x86
		{6B3C55B6-CC77-4701-B4A7-B9DB49FF42C3}.Debug|x64.ActiveCfg = Debug|x64
		{6B3C55B6-CC77-4701-B4A7-B9DB49FF42C3}.Debug|x64.Build.0 = Debug|x64
		{6B3C55B6-CC77-4701-B4A7-B9DB49FF42C3}.Debug|x64.Deploy.0 = Debug|x64
		{6B3C55B6-CC77-4701-B4A7-B9DB49FF42C3}.Debug|x86.ActiveCfg = Debug|x86
		{6B3C55B6-CC77-4701-B4A7-B9DB49FF42C3}.Debug|x86.Build.0 = Debug|x86
		{6B3C55B6-CC77-4701-B4A7-B9DB49FF42C3}.Debug|x86.Deploy.0 = Debug|x86
		{6B3C55B6-CC77-4701-B4A7-B9DB49FF42C3}.Release|Any CPU.ActiveCfg = Release|x86
		{6B3C55B6-CC77-4701-B4A7-B9DB49FF42C3}.Release|ARM.ActiveCfg = Release|ARM
		{6B3C55B6-CC77-4701-B4A7-B9DB49FF42C3}.Release|ARM.Build.0 = Release|ARM
		{6B3C55B6-CC77-4701-B4A7-B9DB49FF42C3}.Release|ARM.Deploy.0 = Release|ARM
		{6B3C55B6-CC77-4701-B4A7-B9DB49FF42C3}.Release|iPhone.ActiveCfg = Release|x86
		{6B3C55B6-CC77-4701-B4A7-B9DB49FF42C3}.Release|iPhoneSimulator.ActiveCfg = Release|x86
		{6B3C55B6-CC77-4701-B4A7-B9DB49FF42C3}.Release|x64.ActiveCfg = Release|x64
		{6B3C55B6-CC77-4701-B4A7-B9DB49FF42C3}.Release|x64.Build.0 = Release|x64
		{6B3C55B6-CC77-4701-B4A7-B9DB49FF42C3}.Release|x64.Deploy.0 = Release|x64
		{6B3C55B6-CC77-4701-B4A7-B9DB49FF42C3}.Release|x86.ActiveCfg = Release|x86
		{6B3C55B6-CC77-4701-B4A7-B9DB49FF42C3}.Release|x86.Build.0 = Release|x86
		{6B3C55B6-CC77-4701-B4A7-B9DB49FF42C3}.Release|x86.Deploy.0 = Release|x86
	EndGlobalSection
	GlobalSection(SolutionProperties) = preSolution
		HideSolutionNode = FALSE
	EndGlobalSection
	GlobalSection(ExtensibilityGlobals) = postSolution
		SolutionGuid = {C0C62181-7F05-4227-863B-E7760F6187C8}
	EndGlobalSection
EndGlobal
