
Microsoft Visual Studio Solution File, Format Version 12.00
# Visual Studio 15
VisualStudioVersion = 15.0.27004.2008
MinimumVisualStudioVersion = 10.0.40219.1
Project("{FAE04EC0-301F-11D3-BF4B-00C04F79EFBC}") = "CustomIcon.Android", "CustomIcon\CustomIcon.Android\CustomIcon.Android.csproj", "{4A2EDD5E-7ECA-4BE0-AF00-2470F153176A}"
EndProject
Project("{FAE04EC0-301F-11D3-BF4B-00C04F79EFBC}") = "CustomIcon", "CustomIcon\CustomIcon\CustomIcon.csproj", "{D1D04F87-8582-4463-A070-324E17FA36F7}"
EndProject
Project("{FAE04EC0-301F-11D3-BF4B-00C04F79EFBC}") = "CustomIcon.UWP", "CustomIcon\CustomIcon.UWP\CustomIcon.UWP.csproj", "{92846037-8F2E-4193-8069-F6FCEBE5EE8E}"
EndProject
Project("{FAE04EC0-301F-11D3-BF4B-00C04F79EFBC}") = "CustomIcon.iOS", "CustomIcon\CustomIcon.iOS\CustomIcon.iOS.csproj", "{A15DCED4-990F-44EB-BBF7-B8F22B8178C8}"
EndProject
Global
	GlobalSection(SolutionConfigurationPlatforms) = preSolution
		Ad-Hoc|Any CPU = Ad-Hoc|Any CPU
		Ad-Hoc|ARM = Ad-Hoc|ARM
		Ad-Hoc|iPhone = Ad-Hoc|iPhone
		Ad-Hoc|iPhoneSimulator = Ad-Hoc|iPhoneSimulator
		Ad-Hoc|x64 = Ad-Hoc|x64
		Ad-Hoc|x86 = Ad-Hoc|x86
		AppStore|Any CPU = AppStore|Any CPU
		AppStore|ARM = AppStore|ARM
		AppStore|iPhone = AppStore|iPhone
		AppStore|iPhoneSimulator = AppStore|iPhoneSimulator
		AppStore|x64 = AppStore|x64
		AppStore|x86 = AppStore|x86
		Debug|Any CPU = Debug|Any CPU
		Debug|ARM = Debug|ARM
		Debug|iPhone = Debug|iPhone
		Debug|iPhoneSimulator = Debug|iPhoneSimulator
		Debug|x64 = Debug|x64
		Debug|x86 = Debug|x86
		Release|Any CPU = Release|Any CPU
		Release|ARM = Release|ARM
		Release|iPhone = Release|iPhone
		Release|iPhoneSimulator = Release|iPhoneSimulator
		Release|x64 = Release|x64
		Release|x86 = Release|x86
	EndGlobalSection
	GlobalSection(ProjectConfigurationPlatforms) = postSolution
		{4A2EDD5E-7ECA-4BE0-AF00-2470F153176A}.Ad-Hoc|Any CPU.ActiveCfg = Release|Any CPU
		{4A2EDD5E-7ECA-4BE0-AF00-2470F153176A}.Ad-Hoc|Any CPU.Build.0 = Release|Any CPU
		{4A2EDD5E-7ECA-4BE0-AF00-2470F153176A}.Ad-Hoc|Any CPU.Deploy.0 = Release|Any CPU
		{4A2EDD5E-7ECA-4BE0-AF00-2470F153176A}.Ad-Hoc|ARM.ActiveCfg = Release|Any CPU
		{4A2EDD5E-7ECA-4BE0-AF00-2470F153176A}.Ad-Hoc|ARM.Build.0 = Release|Any CPU
		{4A2EDD5E-7ECA-4BE0-AF00-2470F153176A}.Ad-Hoc|ARM.Deploy.0 = Release|Any CPU
		{4A2EDD5E-7ECA-4BE0-AF00-2470F153176A}.Ad-Hoc|iPhone.ActiveCfg = Release|Any CPU
		{4A2EDD5E-7ECA-4BE0-AF00-2470F153176A}.Ad-Hoc|iPhone.Build.0 = Release|Any CPU
		{4A2EDD5E-7ECA-4BE0-AF00-2470F153176A}.Ad-Hoc|iPhone.Deploy.0 = Release|Any CPU
		{4A2EDD5E-7ECA-4BE0-AF00-2470F153176A}.Ad-Hoc|iPhoneSimulator.ActiveCfg = Release|Any CPU
		{4A2EDD5E-7ECA-4BE0-AF00-2470F153176A}.Ad-Hoc|iPhoneSimulator.Build.0 = Release|Any CPU
		{4A2EDD5E-7ECA-4BE0-AF00-2470F153176A}.Ad-Hoc|iPhoneSimulator.Deploy.0 = Release|Any CPU
		{4A2EDD5E-7ECA-4BE0-AF00-2470F153176A}.Ad-Hoc|x64.ActiveCfg = Release|Any CPU
		{4A2EDD5E-7ECA-4BE0-AF00-2470F153176A}.Ad-Hoc|x64.Build.0 = Release|Any CPU
		{4A2EDD5E-7ECA-4BE0-AF00-2470F153176A}.Ad-Hoc|x64.Deploy.0 = Release|Any CPU
		{4A2EDD5E-7ECA-4BE0-AF00-2470F153176A}.Ad-Hoc|x86.ActiveCfg = Release|Any CPU
		{4A2EDD5E-7ECA-4BE0-AF00-2470F153176A}.Ad-Hoc|x86.Build.0 = Release|Any CPU
		{4A2EDD5E-7ECA-4BE0-AF00-2470F153176A}.Ad-Hoc|x86.Deploy.0 = Release|Any CPU
		{4A2EDD5E-7ECA-4BE0-AF00-2470F153176A}.AppStore|Any CPU.ActiveCfg = Release|Any CPU
		{4A2EDD5E-7ECA-4BE0-AF00-2470F153176A}.AppStore|Any CPU.Build.0 = Release|Any CPU
		{4A2EDD5E-7ECA-4BE0-AF00-2470F153176A}.AppStore|Any CPU.Deploy.0 = Release|Any CPU
		{4A2EDD5E-7ECA-4BE0-AF00-2470F153176A}.AppStore|ARM.ActiveCfg = Release|Any CPU
		{4A2EDD5E-7ECA-4BE0-AF00-2470F153176A}.AppStore|ARM.Build.0 = Release|Any CPU
		{4A2EDD5E-7ECA-4BE0-AF00-2470F153176A}.AppStore|ARM.Deploy.0 = Release|Any CPU
		{4A2EDD5E-7ECA-4BE0-AF00-2470F153176A}.AppStore|iPhone.ActiveCfg = Release|Any CPU
		{4A2EDD5E-7ECA-4BE0-AF00-2470F153176A}.AppStore|iPhone.Build.0 = Release|Any CPU
		{4A2EDD5E-7ECA-4BE0-AF00-2470F153176A}.AppStore|iPhone.Deploy.0 = Release|Any CPU
		{4A2EDD5E-7ECA-4BE0-AF00-2470F153176A}.AppStore|iPhoneSimulator.ActiveCfg = Release|Any CPU
		{4A2EDD5E-7ECA-4BE0-AF00-2470F153176A}.AppStore|iPhoneSimulator.Build.0 = Release|Any CPU
		{4A2EDD5E-7ECA-4BE0-AF00-2470F153176A}.AppStore|iPhoneSimulator.Deploy.0 = Release|Any CPU
		{4A2EDD5E-7ECA-4BE0-AF00-2470F153176A}.AppStore|x64.ActiveCfg = Release|Any CPU
		{4A2EDD5E-7ECA-4BE0-AF00-2470F153176A}.AppStore|x64.Build.0 = Release|Any CPU
		{4A2EDD5E-7ECA-4BE0-AF00-2470F153176A}.AppStore|x64.Deploy.0 = Release|Any CPU
		{4A2EDD5E-7ECA-4BE0-AF00-2470F153176A}.AppStore|x86.ActiveCfg = Release|Any CPU
		{4A2EDD5E-7ECA-4BE0-AF00-2470F153176A}.AppStore|x86.Build.0 = Release|Any CPU
		{4A2EDD5E-7ECA-4BE0-AF00-2470F153176A}.AppStore|x86.Deploy.0 = Release|Any CPU
		{4A2EDD5E-7ECA-4BE0-AF00-2470F153176A}.Debug|Any CPU.ActiveCfg = Debug|Any CPU
		{4A2EDD5E-7ECA-4BE0-AF00-2470F153176A}.Debug|Any CPU.Build.0 = Debug|Any CPU
		{4A2EDD5E-7ECA-4BE0-AF00-2470F153176A}.Debug|Any CPU.Deploy.0 = Debug|Any CPU
		{4A2EDD5E-7ECA-4BE0-AF00-2470F153176A}.Debug|ARM.ActiveCfg = Debug|Any CPU
		{4A2EDD5E-7ECA-4BE0-AF00-2470F153176A}.Debug|ARM.Build.0 = Debug|Any CPU
		{4A2EDD5E-7ECA-4BE0-AF00-2470F153176A}.Debug|ARM.Deploy.0 = Debug|Any CPU
		{4A2EDD5E-7ECA-4BE0-AF00-2470F153176A}.Debug|iPhone.ActiveCfg = Debug|Any CPU
		{4A2EDD5E-7ECA-4BE0-AF00-2470F153176A}.Debug|iPhone.Build.0 = Debug|Any CPU
		{4A2EDD5E-7ECA-4BE0-AF00-2470F153176A}.Debug|iPhone.Deploy.0 = Debug|Any CPU
		{4A2EDD5E-7ECA-4BE0-AF00-2470F153176A}.Debug|iPhoneSimulator.ActiveCfg = Debug|Any CPU
		{4A2EDD5E-7ECA-4BE0-AF00-2470F153176A}.Debug|iPhoneSimulator.Build.0 = Debug|Any CPU
		{4A2EDD5E-7ECA-4BE0-AF00-2470F153176A}.Debug|iPhoneSimulator.Deploy.0 = Debug|Any CPU
		{4A2EDD5E-7ECA-4BE0-AF00-2470F153176A}.Debug|x64.ActiveCfg = Debug|Any CPU
		{4A2EDD5E-7ECA-4BE0-AF00-2470F153176A}.Debug|x64.Build.0 = Debug|Any CPU
		{4A2EDD5E-7ECA-4BE0-AF00-2470F153176A}.Debug|x64.Deploy.0 = Debug|Any CPU
		{4A2EDD5E-7ECA-4BE0-AF00-2470F153176A}.Debug|x86.ActiveCfg = Debug|Any CPU
		{4A2EDD5E-7ECA-4BE0-AF00-2470F153176A}.Debug|x86.Build.0 = Debug|Any CPU
		{4A2EDD5E-7ECA-4BE0-AF00-2470F153176A}.Debug|x86.Deploy.0 = Debug|Any CPU
		{4A2EDD5E-7ECA-4BE0-AF00-2470F153176A}.Release|Any CPU.ActiveCfg = Release|Any CPU
		{4A2EDD5E-7ECA-4BE0-AF00-2470F153176A}.Release|Any CPU.Build.0 = Release|Any CPU
		{4A2EDD5E-7ECA-4BE0-AF00-2470F153176A}.Release|Any CPU.Deploy.0 = Release|Any CPU
		{4A2EDD5E-7ECA-4BE0-AF00-2470F153176A}.Release|ARM.ActiveCfg = Release|Any CPU
		{4A2EDD5E-7ECA-4BE0-AF00-2470F153176A}.Release|ARM.Build.0 = Release|Any CPU
		{4A2EDD5E-7ECA-4BE0-AF00-2470F153176A}.Release|ARM.Deploy.0 = Release|Any CPU
		{4A2EDD5E-7ECA-4BE0-AF00-2470F153176A}.Release|iPhone.ActiveCfg = Release|Any CPU
		{4A2EDD5E-7ECA-4BE0-AF00-2470F153176A}.Release|iPhone.Build.0 = Release|Any CPU
		{4A2EDD5E-7ECA-4BE0-AF00-2470F153176A}.Release|iPhone.Deploy.0 = Release|Any CPU
		{4A2EDD5E-7ECA-4BE0-AF00-2470F153176A}.Release|iPhoneSimulator.ActiveCfg = Release|Any CPU
		{4A2EDD5E-7ECA-4BE0-AF00-2470F153176A}.Release|iPhoneSimulator.Build.0 = Release|Any CPU
		{4A2EDD5E-7ECA-4BE0-AF00-2470F153176A}.Release|iPhoneSimulator.Deploy.0 = Release|Any CPU
		{4A2EDD5E-7ECA-4BE0-AF00-2470F153176A}.Release|x64.ActiveCfg = Release|Any CPU
		{4A2EDD5E-7ECA-4BE0-AF00-2470F153176A}.Release|x64.Build.0 = Release|Any CPU
		{4A2EDD5E-7ECA-4BE0-AF00-2470F153176A}.Release|x64.Deploy.0 = Release|Any CPU
		{4A2EDD5E-7ECA-4BE0-AF00-2470F153176A}.Release|x86.ActiveCfg = Release|Any CPU
		{4A2EDD5E-7ECA-4BE0-AF00-2470F153176A}.Release|x86.Build.0 = Release|Any CPU
		{4A2EDD5E-7ECA-4BE0-AF00-2470F153176A}.Release|x86.Deploy.0 = Release|Any CPU
		{D1D04F87-8582-4463-A070-324E17FA36F7}.Ad-Hoc|Any CPU.ActiveCfg = Release|Any CPU
		{D1D04F87-8582-4463-A070-324E17FA36F7}.Ad-Hoc|Any CPU.Build.0 = Release|Any CPU
		{D1D04F87-8582-4463-A070-324E17FA36F7}.Ad-Hoc|ARM.ActiveCfg = Release|Any CPU
		{D1D04F87-8582-4463-A070-324E17FA36F7}.Ad-Hoc|ARM.Build.0 = Release|Any CPU
		{D1D04F87-8582-4463-A070-324E17FA36F7}.Ad-Hoc|iPhone.ActiveCfg = Release|Any CPU
		{D1D04F87-8582-4463-A070-324E17FA36F7}.Ad-Hoc|iPhone.Build.0 = Release|Any CPU
		{D1D04F87-8582-4463-A070-324E17FA36F7}.Ad-Hoc|iPhoneSimulator.ActiveCfg = Release|Any CPU
		{D1D04F87-8582-4463-A070-324E17FA36F7}.Ad-Hoc|iPhoneSimulator.Build.0 = Release|Any CPU
		{D1D04F87-8582-4463-A070-324E17FA36F7}.Ad-Hoc|x64.ActiveCfg = Release|Any CPU
		{D1D04F87-8582-4463-A070-324E17FA36F7}.Ad-Hoc|x64.Build.0 = Release|Any CPU
		{D1D04F87-8582-4463-A070-324E17FA36F7}.Ad-Hoc|x86.ActiveCfg = Release|Any CPU
		{D1D04F87-8582-4463-A070-324E17FA36F7}.Ad-Hoc|x86.Build.0 = Release|Any CPU
		{D1D04F87-8582-4463-A070-324E17FA36F7}.AppStore|Any CPU.ActiveCfg = Release|Any CPU
		{D1D04F87-8582-4463-A070-324E17FA36F7}.AppStore|Any CPU.Build.0 = Release|Any CPU
		{D1D04F87-8582-4463-A070-324E17FA36F7}.AppStore|ARM.ActiveCfg = Release|Any CPU
		{D1D04F87-8582-4463-A070-324E17FA36F7}.AppStore|ARM.Build.0 = Release|Any CPU
		{D1D04F87-8582-4463-A070-324E17FA36F7}.AppStore|iPhone.ActiveCfg = Release|Any CPU
		{D1D04F87-8582-4463-A070-324E17FA36F7}.AppStore|iPhone.Build.0 = Release|Any CPU
		{D1D04F87-8582-4463-A070-324E17FA36F7}.AppStore|iPhoneSimulator.ActiveCfg = Release|Any CPU
		{D1D04F87-8582-4463-A070-324E17FA36F7}.AppStore|iPhoneSimulator.Build.0 = Release|Any CPU
		{D1D04F87-8582-4463-A070-324E17FA36F7}.AppStore|x64.ActiveCfg = Release|Any CPU
		{D1D04F87-8582-4463-A070-324E17FA36F7}.AppStore|x64.Build.0 = Release|Any CPU
		{D1D04F87-8582-4463-A070-324E17FA36F7}.AppStore|x86.ActiveCfg = Release|Any CPU
		{D1D04F87-8582-4463-A070-324E17FA36F7}.AppStore|x86.Build.0 = Release|Any CPU
		{D1D04F87-8582-4463-A070-324E17FA36F7}.Debug|Any CPU.ActiveCfg = Debug|Any CPU
		{D1D04F87-8582-4463-A070-324E17FA36F7}.Debug|Any CPU.Build.0 = Debug|Any CPU
		{D1D04F87-8582-4463-A070-324E17FA36F7}.Debug|ARM.ActiveCfg = Debug|Any CPU
		{D1D04F87-8582-4463-A070-324E17FA36F7}.Debug|ARM.Build.0 = Debug|Any CPU
		{D1D04F87-8582-4463-A070-324E17FA36F7}.Debug|iPhone.ActiveCfg = Debug|Any CPU
		{D1D04F87-8582-4463-A070-324E17FA36F7}.Debug|iPhone.Build.0 = Debug|Any CPU
		{D1D04F87-8582-4463-A070-324E17FA36F7}.Debug|iPhoneSimulator.ActiveCfg = Debug|Any CPU
		{D1D04F87-8582-4463-A070-324E17FA36F7}.Debug|iPhoneSimulator.Build.0 = Debug|Any CPU
		{D1D04F87-8582-4463-A070-324E17FA36F7}.Debug|x64.ActiveCfg = Debug|Any CPU
		{D1D04F87-8582-4463-A070-324E17FA36F7}.Debug|x64.Build.0 = Debug|Any CPU
		{D1D04F87-8582-4463-A070-324E17FA36F7}.Debug|x86.ActiveCfg = Debug|Any CPU
		{D1D04F87-8582-4463-A070-324E17FA36F7}.Debug|x86.Build.0 = Debug|Any CPU
		{D1D04F87-8582-4463-A070-324E17FA36F7}.Release|Any CPU.ActiveCfg = Release|Any CPU
		{D1D04F87-8582-4463-A070-324E17FA36F7}.Release|Any CPU.Build.0 = Release|Any CPU
		{D1D04F87-8582-4463-A070-324E17FA36F7}.Release|ARM.ActiveCfg = Release|Any CPU
		{D1D04F87-8582-4463-A070-324E17FA36F7}.Release|ARM.Build.0 = Release|Any CPU
		{D1D04F87-8582-4463-A070-324E17FA36F7}.Release|iPhone.ActiveCfg = Release|Any CPU
		{D1D04F87-8582-4463-A070-324E17FA36F7}.Release|iPhone.Build.0 = Release|Any CPU
		{D1D04F87-8582-4463-A070-324E17FA36F7}.Release|iPhoneSimulator.ActiveCfg = Release|Any CPU
		{D1D04F87-8582-4463-A070-324E17FA36F7}.Release|iPhoneSimulator.Build.0 = Release|Any CPU
		{D1D04F87-8582-4463-A070-324E17FA36F7}.Release|x64.ActiveCfg = Release|Any CPU
		{D1D04F87-8582-4463-A070-324E17FA36F7}.Release|x64.Build.0 = Release|Any CPU
		{D1D04F87-8582-4463-A070-324E17FA36F7}.Release|x86.ActiveCfg = Release|Any CPU
		{D1D04F87-8582-4463-A070-324E17FA36F7}.Release|x86.Build.0 = Release|Any CPU
		{92846037-8F2E-4193-8069-F6FCEBE5EE8E}.Ad-Hoc|Any CPU.ActiveCfg = Release|x86
		{92846037-8F2E-4193-8069-F6FCEBE5EE8E}.Ad-Hoc|Any CPU.Build.0 = Release|x86
		{92846037-8F2E-4193-8069-F6FCEBE5EE8E}.Ad-Hoc|Any CPU.Deploy.0 = Release|x86
		{92846037-8F2E-4193-8069-F6FCEBE5EE8E}.Ad-Hoc|ARM.ActiveCfg = Release|ARM
		{92846037-8F2E-4193-8069-F6FCEBE5EE8E}.Ad-Hoc|ARM.Build.0 = Release|ARM
		{92846037-8F2E-4193-8069-F6FCEBE5EE8E}.Ad-Hoc|ARM.Deploy.0 = Release|ARM
		{92846037-8F2E-4193-8069-F6FCEBE5EE8E}.Ad-Hoc|iPhone.ActiveCfg = Release|x86
		{92846037-8F2E-4193-8069-F6FCEBE5EE8E}.Ad-Hoc|iPhone.Build.0 = Release|x86
		{92846037-8F2E-4193-8069-F6FCEBE5EE8E}.Ad-Hoc|iPhone.Deploy.0 = Release|x86
		{92846037-8F2E-4193-8069-F6FCEBE5EE8E}.Ad-Hoc|iPhoneSimulator.ActiveCfg = Release|x86
		{92846037-8F2E-4193-8069-F6FCEBE5EE8E}.Ad-Hoc|iPhoneSimulator.Build.0 = Release|x86
		{92846037-8F2E-4193-8069-F6FCEBE5EE8E}.Ad-Hoc|iPhoneSimulator.Deploy.0 = Release|x86
		{92846037-8F2E-4193-8069-F6FCEBE5EE8E}.Ad-Hoc|x64.ActiveCfg = Release|x64
		{92846037-8F2E-4193-8069-F6FCEBE5EE8E}.Ad-Hoc|x64.Build.0 = Release|x64
		{92846037-8F2E-4193-8069-F6FCEBE5EE8E}.Ad-Hoc|x64.Deploy.0 = Release|x64
		{92846037-8F2E-4193-8069-F6FCEBE5EE8E}.Ad-Hoc|x86.ActiveCfg = Release|x86
		{92846037-8F2E-4193-8069-F6FCEBE5EE8E}.Ad-Hoc|x86.Build.0 = Release|x86
		{92846037-8F2E-4193-8069-F6FCEBE5EE8E}.Ad-Hoc|x86.Deploy.0 = Release|x86
		{92846037-8F2E-4193-8069-F6FCEBE5EE8E}.AppStore|Any CPU.ActiveCfg = Release|x86
		{92846037-8F2E-4193-8069-F6FCEBE5EE8E}.AppStore|Any CPU.Build.0 = Release|x86
		{92846037-8F2E-4193-8069-F6FCEBE5EE8E}.AppStore|Any CPU.Deploy.0 = Release|x86
		{92846037-8F2E-4193-8069-F6FCEBE5EE8E}.AppStore|ARM.ActiveCfg = Release|ARM
		{92846037-8F2E-4193-8069-F6FCEBE5EE8E}.AppStore|ARM.Build.0 = Release|ARM
		{92846037-8F2E-4193-8069-F6FCEBE5EE8E}.AppStore|ARM.Deploy.0 = Release|ARM
		{92846037-8F2E-4193-8069-F6FCEBE5EE8E}.AppStore|iPhone.ActiveCfg = Release|x86
		{92846037-8F2E-4193-8069-F6FCEBE5EE8E}.AppStore|iPhone.Build.0 = Release|x86
		{92846037-8F2E-4193-8069-F6FCEBE5EE8E}.AppStore|iPhone.Deploy.0 = Release|x86
		{92846037-8F2E-4193-8069-F6FCEBE5EE8E}.AppStore|iPhoneSimulator.ActiveCfg = Release|x86
		{92846037-8F2E-4193-8069-F6FCEBE5EE8E}.AppStore|iPhoneSimulator.Build.0 = Release|x86
		{92846037-8F2E-4193-8069-F6FCEBE5EE8E}.AppStore|iPhoneSimulator.Deploy.0 = Release|x86
		{92846037-8F2E-4193-8069-F6FCEBE5EE8E}.AppStore|x64.ActiveCfg = Release|x64
		{92846037-8F2E-4193-8069-F6FCEBE5EE8E}.AppStore|x64.Build.0 = Release|x64
		{92846037-8F2E-4193-8069-F6FCEBE5EE8E}.AppStore|x64.Deploy.0 = Release|x64
		{92846037-8F2E-4193-8069-F6FCEBE5EE8E}.AppStore|x86.ActiveCfg = Release|x86
		{92846037-8F2E-4193-8069-F6FCEBE5EE8E}.AppStore|x86.Build.0 = Release|x86
		{92846037-8F2E-4193-8069-F6FCEBE5EE8E}.AppStore|x86.Deploy.0 = Release|x86
		{92846037-8F2E-4193-8069-F6FCEBE5EE8E}.Debug|Any CPU.ActiveCfg = Debug|x86
		{92846037-8F2E-4193-8069-F6FCEBE5EE8E}.Debug|ARM.ActiveCfg = Debug|ARM
		{92846037-8F2E-4193-8069-F6FCEBE5EE8E}.Debug|ARM.Build.0 = Debug|ARM
		{92846037-8F2E-4193-8069-F6FCEBE5EE8E}.Debug|ARM.Deploy.0 = Debug|ARM
		{92846037-8F2E-4193-8069-F6FCEBE5EE8E}.Debug|iPhone.ActiveCfg = Debug|x86
		{92846037-8F2E-4193-8069-F6FCEBE5EE8E}.Debug|iPhoneSimulator.ActiveCfg = Debug|x86
		{92846037-8F2E-4193-8069-F6FCEBE5EE8E}.Debug|x64.ActiveCfg = Debug|x64
		{92846037-8F2E-4193-8069-F6FCEBE5EE8E}.Debug|x64.Build.0 = Debug|x64
		{92846037-8F2E-4193-8069-F6FCEBE5EE8E}.Debug|x64.Deploy.0 = Debug|x64
		{92846037-8F2E-4193-8069-F6FCEBE5EE8E}.Debug|x86.ActiveCfg = Debug|x86
		{92846037-8F2E-4193-8069-F6FCEBE5EE8E}.Debug|x86.Build.0 = Debug|x86
		{92846037-8F2E-4193-8069-F6FCEBE5EE8E}.Debug|x86.Deploy.0 = Debug|x86
		{92846037-8F2E-4193-8069-F6FCEBE5EE8E}.Release|Any CPU.ActiveCfg = Release|x86
		{92846037-8F2E-4193-8069-F6FCEBE5EE8E}.Release|ARM.ActiveCfg = Release|ARM
		{92846037-8F2E-4193-8069-F6FCEBE5EE8E}.Release|ARM.Build.0 = Release|ARM
		{92846037-8F2E-4193-8069-F6FCEBE5EE8E}.Release|ARM.Deploy.0 = Release|ARM
		{92846037-8F2E-4193-8069-F6FCEBE5EE8E}.Release|iPhone.ActiveCfg = Release|x86
		{92846037-8F2E-4193-8069-F6FCEBE5EE8E}.Release|iPhoneSimulator.ActiveCfg = Release|x86
		{92846037-8F2E-4193-8069-F6FCEBE5EE8E}.Release|x64.ActiveCfg = Release|x64
		{92846037-8F2E-4193-8069-F6FCEBE5EE8E}.Release|x64.Build.0 = Release|x64
		{92846037-8F2E-4193-8069-F6FCEBE5EE8E}.Release|x64.Deploy.0 = Release|x64
		{92846037-8F2E-4193-8069-F6FCEBE5EE8E}.Release|x86.ActiveCfg = Release|x86
		{92846037-8F2E-4193-8069-F6FCEBE5EE8E}.Release|x86.Build.0 = Release|x86
		{92846037-8F2E-4193-8069-F6FCEBE5EE8E}.Release|x86.Deploy.0 = Release|x86
		{A15DCED4-990F-44EB-BBF7-B8F22B8178C8}.Ad-Hoc|Any CPU.ActiveCfg = Ad-Hoc|iPhoneSimulator
		{A15DCED4-990F-44EB-BBF7-B8F22B8178C8}.Ad-Hoc|ARM.ActiveCfg = Ad-Hoc|iPhone
		{A15DCED4-990F-44EB-BBF7-B8F22B8178C8}.Ad-Hoc|iPhone.ActiveCfg = Ad-Hoc|iPhone
		{A15DCED4-990F-44EB-BBF7-B8F22B8178C8}.Ad-Hoc|iPhone.Build.0 = Ad-Hoc|iPhone
		{A15DCED4-990F-44EB-BBF7-B8F22B8178C8}.Ad-Hoc|iPhoneSimulator.ActiveCfg = Ad-Hoc|iPhoneSimulator
		{A15DCED4-990F-44EB-BBF7-B8F22B8178C8}.Ad-Hoc|iPhoneSimulator.Build.0 = Ad-Hoc|iPhoneSimulator
		{A15DCED4-990F-44EB-BBF7-B8F22B8178C8}.Ad-Hoc|x64.ActiveCfg = Ad-Hoc|iPhone
		{A15DCED4-990F-44EB-BBF7-B8F22B8178C8}.Ad-Hoc|x86.ActiveCfg = Ad-Hoc|iPhone
		{A15DCED4-990F-44EB-BBF7-B8F22B8178C8}.AppStore|Any CPU.ActiveCfg = AppStore|iPhoneSimulator
		{A15DCED4-990F-44EB-BBF7-B8F22B8178C8}.AppStore|ARM.ActiveCfg = AppStore|iPhone
		{A15DCED4-990F-44EB-BBF7-B8F22B8178C8}.AppStore|iPhone.ActiveCfg = AppStore|iPhone
		{A15DCED4-990F-44EB-BBF7-B8F22B8178C8}.AppStore|iPhone.Build.0 = AppStore|iPhone
		{A15DCED4-990F-44EB-BBF7-B8F22B8178C8}.AppStore|iPhoneSimulator.ActiveCfg = AppStore|iPhoneSimulator
		{A15DCED4-990F-44EB-BBF7-B8F22B8178C8}.AppStore|iPhoneSimulator.Build.0 = AppStore|iPhoneSimulator
		{A15DCED4-990F-44EB-BBF7-B8F22B8178C8}.AppStore|x64.ActiveCfg = AppStore|iPhone
		{A15DCED4-990F-44EB-BBF7-B8F22B8178C8}.AppStore|x86.ActiveCfg = AppStore|iPhone
		{A15DCED4-990F-44EB-BBF7-B8F22B8178C8}.Debug|Any CPU.ActiveCfg = Debug|iPhoneSimulator
		{A15DCED4-990F-44EB-BBF7-B8F22B8178C8}.Debug|ARM.ActiveCfg = Debug|iPhone
		{A15DCED4-990F-44EB-BBF7-B8F22B8178C8}.Debug|iPhone.ActiveCfg = Debug|iPhone
		{A15DCED4-990F-44EB-BBF7-B8F22B8178C8}.Debug|iPhone.Build.0 = Debug|iPhone
		{A15DCED4-990F-44EB-BBF7-B8F22B8178C8}.Debug|iPhoneSimulator.ActiveCfg = Debug|iPhoneSimulator
		{A15DCED4-990F-44EB-BBF7-B8F22B8178C8}.Debug|iPhoneSimulator.Build.0 = Debug|iPhoneSimulator
		{A15DCED4-990F-44EB-BBF7-B8F22B8178C8}.Debug|x64.ActiveCfg = Debug|iPhone
		{A15DCED4-990F-44EB-BBF7-B8F22B8178C8}.Debug|x86.ActiveCfg = Debug|iPhone
		{A15DCED4-990F-44EB-BBF7-B8F22B8178C8}.Release|Any CPU.ActiveCfg = Release|iPhoneSimulator
		{A15DCED4-990F-44EB-BBF7-B8F22B8178C8}.Release|ARM.ActiveCfg = Release|iPhone
		{A15DCED4-990F-44EB-BBF7-B8F22B8178C8}.Release|iPhone.ActiveCfg = Release|iPhone
		{A15DCED4-990F-44EB-BBF7-B8F22B8178C8}.Release|iPhone.Build.0 = Release|iPhone
		{A15DCED4-990F-44EB-BBF7-B8F22B8178C8}.Release|iPhoneSimulator.ActiveCfg = Release|iPhoneSimulator
		{A15DCED4-990F-44EB-BBF7-B8F22B8178C8}.Release|iPhoneSimulator.Build.0 = Release|iPhoneSimulator
		{A15DCED4-990F-44EB-BBF7-B8F22B8178C8}.Release|x64.ActiveCfg = Release|iPhone
		{A15DCED4-990F-44EB-BBF7-B8F22B8178C8}.Release|x86.ActiveCfg = Release|iPhone
	EndGlobalSection
	GlobalSection(SolutionProperties) = preSolution
		HideSolutionNode = FALSE
	EndGlobalSection
	GlobalSection(ExtensibilityGlobals) = postSolution
		SolutionGuid = {CED05B41-020F-49B9-A043-FF2E29B88BAE}
	EndGlobalSection
EndGlobal
